
Microsoft Visual Studio Solution File, Format Version 12.00
# Visual Studio 14
VisualStudioVersion = 14.0.25420.1
MinimumVisualStudioVersion = 10.0.40219.1
Project("{8BC9CEB8-8B4A-11D0-8D11-00A0C91BC942}") = "Graph", "Graph\Graph.vcxproj", "{C5A22056-10D6-4D6A-9644-A3F0795BA836}"
EndProject
Project("{8BC9CEB8-8B4A-11D0-8D11-00A0C91BC942}") = "SkipList", "SkipList\SkipList.vcxproj", "{46C3A0E4-CC6E-4C1D-945B-D8E7EF65E735}"
EndProject
Project("{8BC9CEB8-8B4A-11D0-8D11-00A0C91BC942}") = "GreedySelector", "GreedySelector\GreedySelector.vcxproj", "{4D018684-C42E-4804-B8FA-7AE4B731424D}"
EndProject
Project("{8BC9CEB8-8B4A-11D0-8D11-00A0C91BC942}") = "DivideAndConquer", "DivideAndConquer\DivideAndConquer.vcxproj", "{6A9F3865-B6C0-47B5-92DB-32F3D0D9164B}"
EndProject
Project("{8BC9CEB8-8B4A-11D0-8D11-00A0C91BC942}") = "BigDataCal", "BigDataCal\BigDataCal.vcxproj", "{D1667D64-2729-423A-93FA-9FE1C6B3454A}"
EndProject
Project("{8BC9CEB8-8B4A-11D0-8D11-00A0C91BC942}") = "DP", "DP\DP.vcxproj", "{70A9B576-6B70-4613-B57D-8A36F3ACAD66}"
EndProject
Project("{8BC9CEB8-8B4A-11D0-8D11-00A0C91BC942}") = "BinomialQueue", "BinomialQueue\BinomialQueue.vcxproj", "{71B09429-E502-40C7-9593-381F293DF151}"
EndProject
Project("{8BC9CEB8-8B4A-11D0-8D11-00A0C91BC942}") = "RBTree", "RBTree\RBTree.vcxproj", "{1FFFBFC0-ADAB-431F-B57E-58C4BECA7D2F}"
EndProject
Project("{8BC9CEB8-8B4A-11D0-8D11-00A0C91BC942}") = "BST", "BST\BST.vcxproj", "{B4C2CAE6-BB9C-4C8B-8E4B-026D7D55488C}"
EndProject
Project("{8BC9CEB8-8B4A-11D0-8D11-00A0C91BC942}") = "BinaryTree", "BinaryTree\BinaryTree.vcxproj", "{A3A0E680-16F2-4006-B1A7-5FA2DB0DEA3A}"
EndProject
Project("{8BC9CEB8-8B4A-11D0-8D11-00A0C91BC942}") = "Sort", "Sort\Sort.vcxproj", "{5D349198-0C6F-45FC-BDF2-A4593525B154}"
EndProject
Project("{8BC9CEB8-8B4A-11D0-8D11-00A0C91BC942}") = "Backtracking", "Backtracking\Backtracking.vcxproj", "{BFBC2FC1-0F69-4C0C-9168-7275291C91B5}"
EndProject
Project("{8BC9CEB8-8B4A-11D0-8D11-00A0C91BC942}") = "HashTable", "HashTable\HashTable.vcxproj", "{1C92A1A4-23D2-4B80-97C0-70290D7F2AD4}"
EndProject
Project("{8BC9CEB8-8B4A-11D0-8D11-00A0C91BC942}") = "Heap", "Heap\Heap.vcxproj", "{51A92263-9B10-4CEF-96CB-E5DD23A730AA}"
EndProject
Project("{8BC9CEB8-8B4A-11D0-8D11-00A0C91BC942}") = "LeftListHeap", "LeftListHeap\LeftListHeap.vcxproj", "{9E80D1E5-90B2-4517-A03E-37A4143B3297}"
EndProject
Project("{8BC9CEB8-8B4A-11D0-8D11-00A0C91BC942}") = "BTree", "BTree\BTree.vcxproj", "{0B30EB2A-E397-4819-99A4-DC0E890D0572}"
EndProject
Project("{8BC9CEB8-8B4A-11D0-8D11-00A0C91BC942}") = "SkewHeap", "SkewHeap\SkewHeap.vcxproj", "{642280B1-99B0-4DC3-874B-217CBED889EE}"
EndProject
Project("{8BC9CEB8-8B4A-11D0-8D11-00A0C91BC942}") = "Trie", "Trie\Trie.vcxproj", "{0B76EC70-7C3D-4FCB-9111-3583331F6114}"
EndProject
Project("{8BC9CEB8-8B4A-11D0-8D11-00A0C91BC942}") = "IntervalTree", "IntervalTree\IntervalTree.vcxproj", "{2D40A334-3FA4-4555-ADFB-591DA051F487}"
EndProject
Project("{8BC9CEB8-8B4A-11D0-8D11-00A0C91BC942}") = "HuffmanCoding", "HuffmanCoding\HuffmanCoding.vcxproj", "{84107901-811E-4EC6-A0FA-40A85C169D5F}"
EndProject
Project("{8BC9CEB8-8B4A-11D0-8D11-00A0C91BC942}") = "BinaryIndexTree", "BinaryIndexTree\BinaryIndexTree.vcxproj", "{AF09192A-CE57-4579-96E6-6E1E9A5AF667}"
EndProject
Project("{8BC9CEB8-8B4A-11D0-8D11-00A0C91BC942}") = "BPlusTree", "BPlusTree\BPlusTree.vcxproj", "{47A0EF46-0E01-4439-91D8-E5AB8564A9AD}"
EndProject
Global
	GlobalSection(SolutionConfigurationPlatforms) = preSolution
		Debug|x64 = Debug|x64
		Debug|x86 = Debug|x86
		Release|x64 = Release|x64
		Release|x86 = Release|x86
	EndGlobalSection
	GlobalSection(ProjectConfigurationPlatforms) = postSolution
		{C5A22056-10D6-4D6A-9644-A3F0795BA836}.Debug|x64.ActiveCfg = Debug|x64
		{C5A22056-10D6-4D6A-9644-A3F0795BA836}.Debug|x64.Build.0 = Debug|x64
		{C5A22056-10D6-4D6A-9644-A3F0795BA836}.Debug|x86.ActiveCfg = Debug|Win32
		{C5A22056-10D6-4D6A-9644-A3F0795BA836}.Debug|x86.Build.0 = Debug|Win32
		{C5A22056-10D6-4D6A-9644-A3F0795BA836}.Release|x64.ActiveCfg = Release|x64
		{C5A22056-10D6-4D6A-9644-A3F0795BA836}.Release|x64.Build.0 = Release|x64
		{C5A22056-10D6-4D6A-9644-A3F0795BA836}.Release|x86.ActiveCfg = Release|Win32
		{C5A22056-10D6-4D6A-9644-A3F0795BA836}.Release|x86.Build.0 = Release|Win32
		{46C3A0E4-CC6E-4C1D-945B-D8E7EF65E735}.Debug|x64.ActiveCfg = Debug|x64
		{46C3A0E4-CC6E-4C1D-945B-D8E7EF65E735}.Debug|x64.Build.0 = Debug|x64
		{46C3A0E4-CC6E-4C1D-945B-D8E7EF65E735}.Debug|x86.ActiveCfg = Debug|Win32
		{46C3A0E4-CC6E-4C1D-945B-D8E7EF65E735}.Debug|x86.Build.0 = Debug|Win32
		{46C3A0E4-CC6E-4C1D-945B-D8E7EF65E735}.Release|x64.ActiveCfg = Release|x64
		{46C3A0E4-CC6E-4C1D-945B-D8E7EF65E735}.Release|x64.Build.0 = Release|x64
		{46C3A0E4-CC6E-4C1D-945B-D8E7EF65E735}.Release|x86.ActiveCfg = Release|Win32
		{46C3A0E4-CC6E-4C1D-945B-D8E7EF65E735}.Release|x86.Build.0 = Release|Win32
		{4D018684-C42E-4804-B8FA-7AE4B731424D}.Debug|x64.ActiveCfg = Debug|x64
		{4D018684-C42E-4804-B8FA-7AE4B731424D}.Debug|x64.Build.0 = Debug|x64
		{4D018684-C42E-4804-B8FA-7AE4B731424D}.Debug|x86.ActiveCfg = Debug|Win32
		{4D018684-C42E-4804-B8FA-7AE4B731424D}.Debug|x86.Build.0 = Debug|Win32
		{4D018684-C42E-4804-B8FA-7AE4B731424D}.Release|x64.ActiveCfg = Release|x64
		{4D018684-C42E-4804-B8FA-7AE4B731424D}.Release|x64.Build.0 = Release|x64
		{4D018684-C42E-4804-B8FA-7AE4B731424D}.Release|x86.ActiveCfg = Release|Win32
		{4D018684-C42E-4804-B8FA-7AE4B731424D}.Release|x86.Build.0 = Release|Win32
		{6A9F3865-B6C0-47B5-92DB-32F3D0D9164B}.Debug|x64.ActiveCfg = Debug|x64
		{6A9F3865-B6C0-47B5-92DB-32F3D0D9164B}.Debug|x64.Build.0 = Debug|x64
		{6A9F3865-B6C0-47B5-92DB-32F3D0D9164B}.Debug|x86.ActiveCfg = Debug|Win32
		{6A9F3865-B6C0-47B5-92DB-32F3D0D9164B}.Debug|x86.Build.0 = Debug|Win32
		{6A9F3865-B6C0-47B5-92DB-32F3D0D9164B}.Release|x64.ActiveCfg = Release|x64
		{6A9F3865-B6C0-47B5-92DB-32F3D0D9164B}.Release|x64.Build.0 = Release|x64
		{6A9F3865-B6C0-47B5-92DB-32F3D0D9164B}.Release|x86.ActiveCfg = Release|Win32
		{6A9F3865-B6C0-47B5-92DB-32F3D0D9164B}.Release|x86.Build.0 = Release|Win32
		{D1667D64-2729-423A-93FA-9FE1C6B3454A}.Debug|x64.ActiveCfg = Debug|x64
		{D1667D64-2729-423A-93FA-9FE1C6B3454A}.Debug|x64.Build.0 = Debug|x64
		{D1667D64-2729-423A-93FA-9FE1C6B3454A}.Debug|x86.ActiveCfg = Debug|Win32
		{D1667D64-2729-423A-93FA-9FE1C6B3454A}.Debug|x86.Build.0 = Debug|Win32
		{D1667D64-2729-423A-93FA-9FE1C6B3454A}.Release|x64.ActiveCfg = Release|x64
		{D1667D64-2729-423A-93FA-9FE1C6B3454A}.Release|x64.Build.0 = Release|x64
		{D1667D64-2729-423A-93FA-9FE1C6B3454A}.Release|x86.ActiveCfg = Release|Win32
		{D1667D64-2729-423A-93FA-9FE1C6B3454A}.Release|x86.Build.0 = Release|Win32
		{70A9B576-6B70-4613-B57D-8A36F3ACAD66}.Debug|x64.ActiveCfg = Debug|x64
		{70A9B576-6B70-4613-B57D-8A36F3ACAD66}.Debug|x64.Build.0 = Debug|x64
		{70A9B576-6B70-4613-B57D-8A36F3ACAD66}.Debug|x86.ActiveCfg = Debug|Win32
		{70A9B576-6B70-4613-B57D-8A36F3ACAD66}.Debug|x86.Build.0 = Debug|Win32
		{70A9B576-6B70-4613-B57D-8A36F3ACAD66}.Release|x64.ActiveCfg = Release|x64
		{70A9B576-6B70-4613-B57D-8A36F3ACAD66}.Release|x64.Build.0 = Release|x64
		{70A9B576-6B70-4613-B57D-8A36F3ACAD66}.Release|x86.ActiveCfg = Release|Win32
		{70A9B576-6B70-4613-B57D-8A36F3ACAD66}.Release|x86.Build.0 = Release|Win32
		{71B09429-E502-40C7-9593-381F293DF151}.Debug|x64.ActiveCfg = Debug|x64
		{71B09429-E502-40C7-9593-381F293DF151}.Debug|x64.Build.0 = Debug|x64
		{71B09429-E502-40C7-9593-381F293DF151}.Debug|x86.ActiveCfg = Debug|Win32
		{71B09429-E502-40C7-9593-381F293DF151}.Debug|x86.Build.0 = Debug|Win32
		{71B09429-E502-40C7-9593-381F293DF151}.Release|x64.ActiveCfg = Release|x64
		{71B09429-E502-40C7-9593-381F293DF151}.Release|x64.Build.0 = Release|x64
		{71B09429-E502-40C7-9593-381F293DF151}.Release|x86.ActiveCfg = Release|Win32
		{71B09429-E502-40C7-9593-381F293DF151}.Release|x86.Build.0 = Release|Win32
		{1FFFBFC0-ADAB-431F-B57E-58C4BECA7D2F}.Debug|x64.ActiveCfg = Debug|x64
		{1FFFBFC0-ADAB-431F-B57E-58C4BECA7D2F}.Debug|x64.Build.0 = Debug|x64
		{1FFFBFC0-ADAB-431F-B57E-58C4BECA7D2F}.Debug|x86.ActiveCfg = Debug|Win32
		{1FFFBFC0-ADAB-431F-B57E-58C4BECA7D2F}.Debug|x86.Build.0 = Debug|Win32
		{1FFFBFC0-ADAB-431F-B57E-58C4BECA7D2F}.Release|x64.ActiveCfg = Release|x64
		{1FFFBFC0-ADAB-431F-B57E-58C4BECA7D2F}.Release|x64.Build.0 = Release|x64
		{1FFFBFC0-ADAB-431F-B57E-58C4BECA7D2F}.Release|x86.ActiveCfg = Release|Win32
		{1FFFBFC0-ADAB-431F-B57E-58C4BECA7D2F}.Release|x86.Build.0 = Release|Win32
		{B4C2CAE6-BB9C-4C8B-8E4B-026D7D55488C}.Debug|x64.ActiveCfg = Debug|x64
		{B4C2CAE6-BB9C-4C8B-8E4B-026D7D55488C}.Debug|x64.Build.0 = Debug|x64
		{B4C2CAE6-BB9C-4C8B-8E4B-026D7D55488C}.Debug|x86.ActiveCfg = Debug|Win32
		{B4C2CAE6-BB9C-4C8B-8E4B-026D7D55488C}.Debug|x86.Build.0 = Debug|Win32
		{B4C2CAE6-BB9C-4C8B-8E4B-026D7D55488C}.Release|x64.ActiveCfg = Release|x64
		{B4C2CAE6-BB9C-4C8B-8E4B-026D7D55488C}.Release|x64.Build.0 = Release|x64
		{B4C2CAE6-BB9C-4C8B-8E4B-026D7D55488C}.Release|x86.ActiveCfg = Release|Win32
		{B4C2CAE6-BB9C-4C8B-8E4B-026D7D55488C}.Release|x86.Build.0 = Release|Win32
		{A3A0E680-16F2-4006-B1A7-5FA2DB0DEA3A}.Debug|x64.ActiveCfg = Debug|x64
		{A3A0E680-16F2-4006-B1A7-5FA2DB0DEA3A}.Debug|x64.Build.0 = Debug|x64
		{A3A0E680-16F2-4006-B1A7-5FA2DB0DEA3A}.Debug|x86.ActiveCfg = Debug|Win32
		{A3A0E680-16F2-4006-B1A7-5FA2DB0DEA3A}.Debug|x86.Build.0 = Debug|Win32
		{A3A0E680-16F2-4006-B1A7-5FA2DB0DEA3A}.Release|x64.ActiveCfg = Release|x64
		{A3A0E680-16F2-4006-B1A7-5FA2DB0DEA3A}.Release|x64.Build.0 = Release|x64
		{A3A0E680-16F2-4006-B1A7-5FA2DB0DEA3A}.Release|x86.ActiveCfg = Release|Win32
		{A3A0E680-16F2-4006-B1A7-5FA2DB0DEA3A}.Release|x86.Build.0 = Release|Win32
		{5D349198-0C6F-45FC-BDF2-A4593525B154}.Debug|x64.ActiveCfg = Debug|x64
		{5D349198-0C6F-45FC-BDF2-A4593525B154}.Debug|x64.Build.0 = Debug|x64
		{5D349198-0C6F-45FC-BDF2-A4593525B154}.Debug|x86.ActiveCfg = Debug|Win32
		{5D349198-0C6F-45FC-BDF2-A4593525B154}.Debug|x86.Build.0 = Debug|Win32
		{5D349198-0C6F-45FC-BDF2-A4593525B154}.Release|x64.ActiveCfg = Release|x64
		{5D349198-0C6F-45FC-BDF2-A4593525B154}.Release|x64.Build.0 = Release|x64
		{5D349198-0C6F-45FC-BDF2-A4593525B154}.Release|x86.ActiveCfg = Release|Win32
		{5D349198-0C6F-45FC-BDF2-A4593525B154}.Release|x86.Build.0 = Release|Win32
		{BFBC2FC1-0F69-4C0C-9168-7275291C91B5}.Debug|x64.ActiveCfg = Debug|x64
		{BFBC2FC1-0F69-4C0C-9168-7275291C91B5}.Debug|x64.Build.0 = Debug|x64
		{BFBC2FC1-0F69-4C0C-9168-7275291C91B5}.Debug|x86.ActiveCfg = Debug|Win32
		{BFBC2FC1-0F69-4C0C-9168-7275291C91B5}.Debug|x86.Build.0 = Debug|Win32
		{BFBC2FC1-0F69-4C0C-9168-7275291C91B5}.Release|x64.ActiveCfg = Release|x64
		{BFBC2FC1-0F69-4C0C-9168-7275291C91B5}.Release|x64.Build.0 = Release|x64
		{BFBC2FC1-0F69-4C0C-9168-7275291C91B5}.Release|x86.ActiveCfg = Release|Win32
		{BFBC2FC1-0F69-4C0C-9168-7275291C91B5}.Release|x86.Build.0 = Release|Win32
		{1C92A1A4-23D2-4B80-97C0-70290D7F2AD4}.Debug|x64.ActiveCfg = Debug|x64
		{1C92A1A4-23D2-4B80-97C0-70290D7F2AD4}.Debug|x64.Build.0 = Debug|x64
		{1C92A1A4-23D2-4B80-97C0-70290D7F2AD4}.Debug|x86.ActiveCfg = Debug|Win32
		{1C92A1A4-23D2-4B80-97C0-70290D7F2AD4}.Debug|x86.Build.0 = Debug|Win32
		{1C92A1A4-23D2-4B80-97C0-70290D7F2AD4}.Release|x64.ActiveCfg = Release|x64
		{1C92A1A4-23D2-4B80-97C0-70290D7F2AD4}.Release|x64.Build.0 = Release|x64
		{1C92A1A4-23D2-4B80-97C0-70290D7F2AD4}.Release|x86.ActiveCfg = Release|Win32
		{1C92A1A4-23D2-4B80-97C0-70290D7F2AD4}.Release|x86.Build.0 = Release|Win32
		{51A92263-9B10-4CEF-96CB-E5DD23A730AA}.Debug|x64.ActiveCfg = Debug|x64
		{51A92263-9B10-4CEF-96CB-E5DD23A730AA}.Debug|x64.Build.0 = Debug|x64
		{51A92263-9B10-4CEF-96CB-E5DD23A730AA}.Debug|x86.ActiveCfg = Debug|Win32
		{51A92263-9B10-4CEF-96CB-E5DD23A730AA}.Debug|x86.Build.0 = Debug|Win32
		{51A92263-9B10-4CEF-96CB-E5DD23A730AA}.Release|x64.ActiveCfg = Release|x64
		{51A92263-9B10-4CEF-96CB-E5DD23A730AA}.Release|x64.Build.0 = Release|x64
		{51A92263-9B10-4CEF-96CB-E5DD23A730AA}.Release|x86.ActiveCfg = Release|Win32
		{51A92263-9B10-4CEF-96CB-E5DD23A730AA}.Release|x86.Build.0 = Release|Win32
		{9E80D1E5-90B2-4517-A03E-37A4143B3297}.Debug|x64.ActiveCfg = Debug|x64
		{9E80D1E5-90B2-4517-A03E-37A4143B3297}.Debug|x64.Build.0 = Debug|x64
		{9E80D1E5-90B2-4517-A03E-37A4143B3297}.Debug|x86.ActiveCfg = Debug|Win32
		{9E80D1E5-90B2-4517-A03E-37A4143B3297}.Debug|x86.Build.0 = Debug|Win32
		{9E80D1E5-90B2-4517-A03E-37A4143B3297}.Release|x64.ActiveCfg = Release|x64
		{9E80D1E5-90B2-4517-A03E-37A4143B3297}.Release|x64.Build.0 = Release|x64
		{9E80D1E5-90B2-4517-A03E-37A4143B3297}.Release|x86.ActiveCfg = Release|Win32
		{9E80D1E5-90B2-4517-A03E-37A4143B3297}.Release|x86.Build.0 = Release|Win32
		{0B30EB2A-E397-4819-99A4-DC0E890D0572}.Debug|x64.ActiveCfg = Debug|x64
		{0B30EB2A-E397-4819-99A4-DC0E890D0572}.Debug|x64.Build.0 = Debug|x64
		{0B30EB2A-E397-4819-99A4-DC0E890D0572}.Debug|x86.ActiveCfg = Debug|Win32
		{0B30EB2A-E397-4819-99A4-DC0E890D0572}.Debug|x86.Build.0 = Debug|Win32
		{0B30EB2A-E397-4819-99A4-DC0E890D0572}.Release|x64.ActiveCfg = Release|x64
		{0B30EB2A-E397-4819-99A4-DC0E890D0572}.Release|x64.Build.0 = Release|x64
		{0B30EB2A-E397-4819-99A4-DC0E890D0572}.Release|x86.ActiveCfg = Release|Win32
		{0B30EB2A-E397-4819-99A4-DC0E890D0572}.Release|x86.Build.0 = Release|Win32
		{642280B1-99B0-4DC3-874B-217CBED889EE}.Debug|x64.ActiveCfg = Debug|x64
		{642280B1-99B0-4DC3-874B-217CBED889EE}.Debug|x64.Build.0 = Debug|x64
		{642280B1-99B0-4DC3-874B-217CBED889EE}.Debug|x86.ActiveCfg = Debug|Win32
		{642280B1-99B0-4DC3-874B-217CBED889EE}.Debug|x86.Build.0 = Debug|Win32
		{642280B1-99B0-4DC3-874B-217CBED889EE}.Release|x64.ActiveCfg = Release|x64
		{642280B1-99B0-4DC3-874B-217CBED889EE}.Release|x64.Build.0 = Release|x64
		{642280B1-99B0-4DC3-874B-217CBED889EE}.Release|x86.ActiveCfg = Release|Win32
		{642280B1-99B0-4DC3-874B-217CBED889EE}.Release|x86.Build.0 = Release|Win32
		{0B76EC70-7C3D-4FCB-9111-3583331F6114}.Debug|x64.ActiveCfg = Debug|x64
		{0B76EC70-7C3D-4FCB-9111-3583331F6114}.Debug|x64.Build.0 = Debug|x64
		{0B76EC70-7C3D-4FCB-9111-3583331F6114}.Debug|x86.ActiveCfg = Debug|Win32
		{0B76EC70-7C3D-4FCB-9111-3583331F6114}.Debug|x86.Build.0 = Debug|Win32
		{0B76EC70-7C3D-4FCB-9111-3583331F6114}.Release|x64.ActiveCfg = Release|x64
		{0B76EC70-7C3D-4FCB-9111-3583331F6114}.Release|x64.Build.0 = Release|x64
		{0B76EC70-7C3D-4FCB-9111-3583331F6114}.Release|x86.ActiveCfg = Release|Win32
		{0B76EC70-7C3D-4FCB-9111-3583331F6114}.Release|x86.Build.0 = Release|Win32
		{2D40A334-3FA4-4555-ADFB-591DA051F487}.Debug|x64.ActiveCfg = Debug|x64
		{2D40A334-3FA4-4555-ADFB-591DA051F487}.Debug|x64.Build.0 = Debug|x64
		{2D40A334-3FA4-4555-ADFB-591DA051F487}.Debug|x86.ActiveCfg = Debug|Win32
		{2D40A334-3FA4-4555-ADFB-591DA051F487}.Debug|x86.Build.0 = Debug|Win32
		{2D40A334-3FA4-4555-ADFB-591DA051F487}.Release|x64.ActiveCfg = Release|x64
		{2D40A334-3FA4-4555-ADFB-591DA051F487}.Release|x64.Build.0 = Release|x64
		{2D40A334-3FA4-4555-ADFB-591DA051F487}.Release|x86.ActiveCfg = Release|Win32
		{2D40A334-3FA4-4555-ADFB-591DA051F487}.Release|x86.Build.0 = Release|Win32
		{84107901-811E-4EC6-A0FA-40A85C169D5F}.Debug|x64.ActiveCfg = Debug|x64
		{84107901-811E-4EC6-A0FA-40A85C169D5F}.Debug|x64.Build.0 = Debug|x64
		{84107901-811E-4EC6-A0FA-40A85C169D5F}.Debug|x86.ActiveCfg = Debug|Win32
		{84107901-811E-4EC6-A0FA-40A85C169D5F}.Debug|x86.Build.0 = Debug|Win32
		{84107901-811E-4EC6-A0FA-40A85C169D5F}.Release|x64.ActiveCfg = Release|x64
		{84107901-811E-4EC6-A0FA-40A85C169D5F}.Release|x64.Build.0 = Release|x64
		{84107901-811E-4EC6-A0FA-40A85C169D5F}.Release|x86.ActiveCfg = Release|Win32
		{84107901-811E-4EC6-A0FA-40A85C169D5F}.Release|x86.Build.0 = Release|Win32
		{AF09192A-CE57-4579-96E6-6E1E9A5AF667}.Debug|x64.ActiveCfg = Debug|x64
		{AF09192A-CE57-4579-96E6-6E1E9A5AF667}.Debug|x64.Build.0 = Debug|x64
		{AF09192A-CE57-4579-96E6-6E1E9A5AF667}.Debug|x86.ActiveCfg = Debug|Win32
		{AF09192A-CE57-4579-96E6-6E1E9A5AF667}.Debug|x86.Build.0 = Debug|Win32
		{AF09192A-CE57-4579-96E6-6E1E9A5AF667}.Release|x64.ActiveCfg = Release|x64
		{AF09192A-CE57-4579-96E6-6E1E9A5AF667}.Release|x64.Build.0 = Release|x64
		{AF09192A-CE57-4579-96E6-6E1E9A5AF667}.Release|x86.ActiveCfg = Release|Win32
		{AF09192A-CE57-4579-96E6-6E1E9A5AF667}.Release|x86.Build.0 = Release|Win32
		{47A0EF46-0E01-4439-91D8-E5AB8564A9AD}.Debug|x64.ActiveCfg = Debug|x64
		{47A0EF46-0E01-4439-91D8-E5AB8564A9AD}.Debug|x64.Build.0 = Debug|x64
		{47A0EF46-0E01-4439-91D8-E5AB8564A9AD}.Debug|x86.ActiveCfg = Debug|Win32
		{47A0EF46-0E01-4439-91D8-E5AB8564A9AD}.Debug|x86.Build.0 = Debug|Win32
		{47A0EF46-0E01-4439-91D8-E5AB8564A9AD}.Release|x64.ActiveCfg = Release|x64
		{47A0EF46-0E01-4439-91D8-E5AB8564A9AD}.Release|x64.Build.0 = Release|x64
		{47A0EF46-0E01-4439-91D8-E5AB8564A9AD}.Release|x86.ActiveCfg = Release|Win32
		{47A0EF46-0E01-4439-91D8-E5AB8564A9AD}.Release|x86.Build.0 = Release|Win32
	EndGlobalSection
	GlobalSection(SolutionProperties) = preSolution
		HideSolutionNode = FALSE
	EndGlobalSection
EndGlobal
